// !$*UTF8*$!
{
	archiveVersion = 1;
	classes = {
	};
	objectVersion = 50;
	objects = {

/* Begin PBXBuildFile section */
		ED1351812492927D0097A3E3 /* PictureCell.swift in Sources */ = {isa = PBXBuildFile; fileRef = ED13517F2492927D0097A3E3 /* PictureCell.swift */; };
		ED1351822492927D0097A3E3 /* PictureCell.xib in Resources */ = {isa = PBXBuildFile; fileRef = ED1351802492927D0097A3E3 /* PictureCell.xib */; };
		ED135184249293D60097A3E3 /* FlowLayout.swift in Sources */ = {isa = PBXBuildFile; fileRef = ED135183249293D60097A3E3 /* FlowLayout.swift */; };
		ED13518D249296C00097A3E3 /* SettingsViewController.swift in Sources */ = {isa = PBXBuildFile; fileRef = ED13518B249296C00097A3E3 /* SettingsViewController.swift */; };
		ED13518E249296C00097A3E3 /* SettingsViewController.xib in Resources */ = {isa = PBXBuildFile; fileRef = ED13518C249296C00097A3E3 /* SettingsViewController.xib */; };
		ED1351932492B6210097A3E3 /* RequestManager.swift in Sources */ = {isa = PBXBuildFile; fileRef = ED1351922492B6210097A3E3 /* RequestManager.swift */; };
		ED1351962492B64A0097A3E3 /* ImageModel.swift in Sources */ = {isa = PBXBuildFile; fileRef = ED1351952492B64A0097A3E3 /* ImageModel.swift */; };
		ED13519A2492B7EB0097A3E3 /* VideoModel.swift in Sources */ = {isa = PBXBuildFile; fileRef = ED1351992492B7EB0097A3E3 /* VideoModel.swift */; };
		EDC3F11A24910848006CA194 /* AppDelegate.swift in Sources */ = {isa = PBXBuildFile; fileRef = EDC3F11924910848006CA194 /* AppDelegate.swift */; };
		EDC3F11C24910848006CA194 /* SceneDelegate.swift in Sources */ = {isa = PBXBuildFile; fileRef = EDC3F11B24910848006CA194 /* SceneDelegate.swift */; };
		EDC3F11E24910848006CA194 /* ViewController.swift in Sources */ = {isa = PBXBuildFile; fileRef = EDC3F11D24910848006CA194 /* ViewController.swift */; };
		EDC3F12124910848006CA194 /* Main.storyboard in Resources */ = {isa = PBXBuildFile; fileRef = EDC3F11F24910848006CA194 /* Main.storyboard */; };
		EDC3F1232491084C006CA194 /* Assets.xcassets in Resources */ = {isa = PBXBuildFile; fileRef = EDC3F1222491084C006CA194 /* Assets.xcassets */; };
		EDC3F1262491084C006CA194 /* LaunchScreen.storyboard in Resources */ = {isa = PBXBuildFile; fileRef = EDC3F1242491084C006CA194 /* LaunchScreen.storyboard */; };
		EDC3F1C624927541006CA194 /* VideoViewController.swift in Sources */ = {isa = PBXBuildFile; fileRef = EDC3F1C424927541006CA194 /* VideoViewController.swift */; };
		EDC3F1C724927541006CA194 /* VideoViewController.xib in Resources */ = {isa = PBXBuildFile; fileRef = EDC3F1C524927541006CA194 /* VideoViewController.xib */; };
		EDC3F1CD249275F7006CA194 /* TabBarController.swift in Sources */ = {isa = PBXBuildFile; fileRef = EDC3F1CC249275F7006CA194 /* TabBarController.swift */; };
		EDC3F1F024927DED006CA194 /* PictureViewController.swift in Sources */ = {isa = PBXBuildFile; fileRef = EDC3F1EE24927DED006CA194 /* PictureViewController.swift */; };
		EDC3F1F124927DED006CA194 /* PictureViewController.xib in Resources */ = {isa = PBXBuildFile; fileRef = EDC3F1EF24927DED006CA194 /* PictureViewController.xib */; };
		EDC3F1F324927F3A006CA194 /* ControllerBuilder.swift in Sources */ = {isa = PBXBuildFile; fileRef = EDC3F1F224927F3A006CA194 /* ControllerBuilder.swift */; };
		EDC3F1F6249284BE006CA194 /* VideoCell.swift in Sources */ = {isa = PBXBuildFile; fileRef = EDC3F1F4249284BE006CA194 /* VideoCell.swift */; };
		EDC3F1F7249284BE006CA194 /* VideoCell.xib in Resources */ = {isa = PBXBuildFile; fileRef = EDC3F1F5249284BE006CA194 /* VideoCell.xib */; };
/* End PBXBuildFile section */

/* Begin PBXFileReference section */
		ED13517F2492927D0097A3E3 /* PictureCell.swift */ = {isa = PBXFileReference; lastKnownFileType = sourcecode.swift; path = PictureCell.swift; sourceTree = "<group>"; };
		ED1351802492927D0097A3E3 /* PictureCell.xib */ = {isa = PBXFileReference; lastKnownFileType = file.xib; path = PictureCell.xib; sourceTree = "<group>"; };
		ED135183249293D60097A3E3 /* FlowLayout.swift */ = {isa = PBXFileReference; lastKnownFileType = sourcecode.swift; path = FlowLayout.swift; sourceTree = "<group>"; };
		ED13518B249296C00097A3E3 /* SettingsViewController.swift */ = {isa = PBXFileReference; lastKnownFileType = sourcecode.swift; path = SettingsViewController.swift; sourceTree = "<group>"; };
		ED13518C249296C00097A3E3 /* SettingsViewController.xib */ = {isa = PBXFileReference; lastKnownFileType = file.xib; path = SettingsViewController.xib; sourceTree = "<group>"; };
		ED1351922492B6210097A3E3 /* RequestManager.swift */ = {isa = PBXFileReference; lastKnownFileType = sourcecode.swift; path = RequestManager.swift; sourceTree = "<group>"; };
		ED1351952492B64A0097A3E3 /* ImageModel.swift */ = {isa = PBXFileReference; lastKnownFileType = sourcecode.swift; path = ImageModel.swift; sourceTree = "<group>"; };
		ED1351992492B7EB0097A3E3 /* VideoModel.swift */ = {isa = PBXFileReference; lastKnownFileType = sourcecode.swift; path = VideoModel.swift; sourceTree = "<group>"; };
		EDC3F11624910848006CA194 /* Quick search.app */ = {isa = PBXFileReference; explicitFileType = wrapper.application; includeInIndex = 0; path = "Quick search.app"; sourceTree = BUILT_PRODUCTS_DIR; };
		EDC3F11924910848006CA194 /* AppDelegate.swift */ = {isa = PBXFileReference; lastKnownFileType = sourcecode.swift; path = AppDelegate.swift; sourceTree = "<group>"; };
		EDC3F11B24910848006CA194 /* SceneDelegate.swift */ = {isa = PBXFileReference; lastKnownFileType = sourcecode.swift; path = SceneDelegate.swift; sourceTree = "<group>"; };
		EDC3F11D24910848006CA194 /* ViewController.swift */ = {isa = PBXFileReference; lastKnownFileType = sourcecode.swift; path = ViewController.swift; sourceTree = "<group>"; };
		EDC3F12024910848006CA194 /* Base */ = {isa = PBXFileReference; lastKnownFileType = file.storyboard; name = Base; path = Base.lproj/Main.storyboard; sourceTree = "<group>"; };
		EDC3F1222491084C006CA194 /* Assets.xcassets */ = {isa = PBXFileReference; lastKnownFileType = folder.assetcatalog; path = Assets.xcassets; sourceTree = "<group>"; };
		EDC3F1252491084C006CA194 /* Base */ = {isa = PBXFileReference; lastKnownFileType = file.storyboard; name = Base; path = Base.lproj/LaunchScreen.storyboard; sourceTree = "<group>"; };
		EDC3F1272491084C006CA194 /* Info.plist */ = {isa = PBXFileReference; lastKnownFileType = text.plist.xml; path = Info.plist; sourceTree = "<group>"; };
		EDC3F1C424927541006CA194 /* VideoViewController.swift */ = {isa = PBXFileReference; lastKnownFileType = sourcecode.swift; path = VideoViewController.swift; sourceTree = "<group>"; };
		EDC3F1C524927541006CA194 /* VideoViewController.xib */ = {isa = PBXFileReference; lastKnownFileType = file.xib; path = VideoViewController.xib; sourceTree = "<group>"; };
		EDC3F1CC249275F7006CA194 /* TabBarController.swift */ = {isa = PBXFileReference; lastKnownFileType = sourcecode.swift; path = TabBarController.swift; sourceTree = "<group>"; };
		EDC3F1EE24927DED006CA194 /* PictureViewController.swift */ = {isa = PBXFileReference; lastKnownFileType = sourcecode.swift; path = PictureViewController.swift; sourceTree = "<group>"; };
		EDC3F1EF24927DED006CA194 /* PictureViewController.xib */ = {isa = PBXFileReference; lastKnownFileType = file.xib; path = PictureViewController.xib; sourceTree = "<group>"; };
		EDC3F1F224927F3A006CA194 /* ControllerBuilder.swift */ = {isa = PBXFileReference; lastKnownFileType = sourcecode.swift; path = ControllerBuilder.swift; sourceTree = "<group>"; };
		EDC3F1F4249284BE006CA194 /* VideoCell.swift */ = {isa = PBXFileReference; lastKnownFileType = sourcecode.swift; path = VideoCell.swift; sourceTree = "<group>"; };
		EDC3F1F5249284BE006CA194 /* VideoCell.xib */ = {isa = PBXFileReference; lastKnownFileType = file.xib; path = VideoCell.xib; sourceTree = "<group>"; };
/* End PBXFileReference section */

/* Begin PBXFrameworksBuildPhase section */
		EDC3F11324910848006CA194 /* Frameworks */ = {
			isa = PBXFrameworksBuildPhase;
			buildActionMask = 2147483647;
			files = (
			);
			runOnlyForDeploymentPostprocessing = 0;
		};
/* End PBXFrameworksBuildPhase section */

/* Begin PBXGroup section */
		ED13517E2492925F0097A3E3 /* PictureCell */ = {
			isa = PBXGroup;
			children = (
				ED13517F2492927D0097A3E3 /* PictureCell.swift */,
				ED1351802492927D0097A3E3 /* PictureCell.xib */,
				ED135183249293D60097A3E3 /* FlowLayout.swift */,
			);
			path = PictureCell;
			sourceTree = "<group>";
		};
		ED13518A249296A10097A3E3 /* Settings */ = {
			isa = PBXGroup;
			children = (
				ED13518B249296C00097A3E3 /* SettingsViewController.swift */,
				ED13518C249296C00097A3E3 /* SettingsViewController.xib */,
			);
			path = Settings;
			sourceTree = "<group>";
		};
		ED1351902492B5CC0097A3E3 /* Managers */ = {
			isa = PBXGroup;
			children = (
				ED1351912492B5D50097A3E3 /* Network */,
			);
			path = Managers;
			sourceTree = "<group>";
		};
		ED1351912492B5D50097A3E3 /* Network */ = {
			isa = PBXGroup;
			children = (
				ED1351942492B6340097A3E3 /* ParseModels */,
				ED1351922492B6210097A3E3 /* RequestManager.swift */,
			);
			path = Network;
			sourceTree = "<group>";
		};
		ED1351942492B6340097A3E3 /* ParseModels */ = {
			isa = PBXGroup;
			children = (
				ED1351952492B64A0097A3E3 /* ImageModel.swift */,
			);
			path = ParseModels;
			sourceTree = "<group>";
		};
		ED1351972492B7CB0097A3E3 /* Support */ = {
			isa = PBXGroup;
			children = (
				ED1351982492B7DB0097A3E3 /* Models */,
			);
			path = Support;
			sourceTree = "<group>";
		};
		ED1351982492B7DB0097A3E3 /* Models */ = {
			isa = PBXGroup;
			children = (
				ED1351992492B7EB0097A3E3 /* VideoModel.swift */,
			);
			path = Models;
			sourceTree = "<group>";
		};
		EDC3F10D24910848006CA194 = {
			isa = PBXGroup;
			children = (
				EDC3F11824910848006CA194 /* Quick search */,
				EDC3F11724910848006CA194 /* Products */,
			);
			sourceTree = "<group>";
		};
		EDC3F11724910848006CA194 /* Products */ = {
			isa = PBXGroup;
			children = (
				EDC3F11624910848006CA194 /* Quick search.app */,
			);
			name = Products;
			sourceTree = "<group>";
		};
		EDC3F11824910848006CA194 /* Quick search */ = {
			isa = PBXGroup;
			children = (
				EDC3F11924910848006CA194 /* AppDelegate.swift */,
				EDC3F11B24910848006CA194 /* SceneDelegate.swift */,
				EDC3F1F224927F3A006CA194 /* ControllerBuilder.swift */,
				EDC3F1C82492754E006CA194 /* Screens */,
				ED1351902492B5CC0097A3E3 /* Managers */,
				ED1351972492B7CB0097A3E3 /* Support */,
				EDC3F11F24910848006CA194 /* Main.storyboard */,
				EDC3F1222491084C006CA194 /* Assets.xcassets */,
				EDC3F1242491084C006CA194 /* LaunchScreen.storyboard */,
				EDC3F1272491084C006CA194 /* Info.plist */,
			);
			path = "Quick search";
			sourceTree = "<group>";
		};
		EDC3F1C82492754E006CA194 /* Screens */ = {
			isa = PBXGroup;
			children = (
				EDC3F1CC249275F7006CA194 /* TabBarController.swift */,
				ED13518A249296A10097A3E3 /* Settings */,
				EDC3F1CB2492757E006CA194 /* Search */,
				EDC3F1CA24927573006CA194 /* Picture */,
				EDC3F1C92492755F006CA194 /* Video */,
			);
			path = Screens;
			sourceTree = "<group>";
		};
		EDC3F1C92492755F006CA194 /* Video */ = {
			isa = PBXGroup;
			children = (
				EDC3F1C424927541006CA194 /* VideoViewController.swift */,
				EDC3F1C524927541006CA194 /* VideoViewController.xib */,
				EDC3F1F8249284C5006CA194 /* VideoCell */,
			);
			path = Video;
			sourceTree = "<group>";
		};
		EDC3F1CA24927573006CA194 /* Picture */ = {
			isa = PBXGroup;
			children = (
				EDC3F1EE24927DED006CA194 /* PictureViewController.swift */,
				EDC3F1EF24927DED006CA194 /* PictureViewController.xib */,
				ED13517E2492925F0097A3E3 /* PictureCell */,
			);
			path = Picture;
			sourceTree = "<group>";
		};
		EDC3F1CB2492757E006CA194 /* Search */ = {
			isa = PBXGroup;
			children = (
				EDC3F11D24910848006CA194 /* ViewController.swift */,
			);
			path = Search;
			sourceTree = "<group>";
		};
		EDC3F1F8249284C5006CA194 /* VideoCell */ = {
			isa = PBXGroup;
			children = (
				EDC3F1F4249284BE006CA194 /* VideoCell.swift */,
				EDC3F1F5249284BE006CA194 /* VideoCell.xib */,
			);
			path = VideoCell;
			sourceTree = "<group>";
		};
/* End PBXGroup section */

/* Begin PBXNativeTarget section */
		EDC3F11524910848006CA194 /* Quick search */ = {
			isa = PBXNativeTarget;
			buildConfigurationList = EDC3F12A2491084C006CA194 /* Build configuration list for PBXNativeTarget "Quick search" */;
			buildPhases = (
				EDC3F11224910848006CA194 /* Sources */,
				EDC3F11324910848006CA194 /* Frameworks */,
				EDC3F11424910848006CA194 /* Resources */,
			);
			buildRules = (
			);
			dependencies = (
			);
			name = "Quick search";
			productName = "Quick search";
			productReference = EDC3F11624910848006CA194 /* Quick search.app */;
			productType = "com.apple.product-type.application";
		};
/* End PBXNativeTarget section */

/* Begin PBXProject section */
		EDC3F10E24910848006CA194 /* Project object */ = {
			isa = PBXProject;
			attributes = {
				LastSwiftUpdateCheck = 1130;
				LastUpgradeCheck = 1130;
				ORGANIZATIONNAME = Kornev.com;
				TargetAttributes = {
					EDC3F11524910848006CA194 = {
						CreatedOnToolsVersion = 11.3.1;
					};
				};
			};
			buildConfigurationList = EDC3F11124910848006CA194 /* Build configuration list for PBXProject "Quick search" */;
			compatibilityVersion = "Xcode 9.3";
			developmentRegion = en;
			hasScannedForEncodings = 0;
			knownRegions = (
				en,
				Base,
			);
			mainGroup = EDC3F10D24910848006CA194;
			productRefGroup = EDC3F11724910848006CA194 /* Products */;
			projectDirPath = "";
			projectRoot = "";
			targets = (
				EDC3F11524910848006CA194 /* Quick search */,
			);
		};
/* End PBXProject section */

/* Begin PBXResourcesBuildPhase section */
		EDC3F11424910848006CA194 /* Resources */ = {
			isa = PBXResourcesBuildPhase;
			buildActionMask = 2147483647;
			files = (
				ED1351822492927D0097A3E3 /* PictureCell.xib in Resources */,
				EDC3F1262491084C006CA194 /* LaunchScreen.storyboard in Resources */,
				ED13518E249296C00097A3E3 /* SettingsViewController.xib in Resources */,
				EDC3F1F124927DED006CA194 /* PictureViewController.xib in Resources */,
				EDC3F1232491084C006CA194 /* Assets.xcassets in Resources */,
				EDC3F1F7249284BE006CA194 /* VideoCell.xib in Resources */,
				EDC3F1C724927541006CA194 /* VideoViewController.xib in Resources */,
				EDC3F12124910848006CA194 /* Main.storyboard in Resources */,
			);
			runOnlyForDeploymentPostprocessing = 0;
		};
/* End PBXResourcesBuildPhase section */

/* Begin PBXSourcesBuildPhase section */
		EDC3F11224910848006CA194 /* Sources */ = {
			isa = PBXSourcesBuildPhase;
			buildActionMask = 2147483647;
			files = (
				EDC3F11E24910848006CA194 /* ViewController.swift in Sources */,
				EDC3F1F6249284BE006CA194 /* VideoCell.swift in Sources */,
				EDC3F1F324927F3A006CA194 /* ControllerBuilder.swift in Sources */,
				ED13519A2492B7EB0097A3E3 /* VideoModel.swift in Sources */,
				ED1351932492B6210097A3E3 /* RequestManager.swift in Sources */,
				EDC3F1F024927DED006CA194 /* PictureViewController.swift in Sources */,
				EDC3F11A24910848006CA194 /* AppDelegate.swift in Sources */,
				ED1351812492927D0097A3E3 /* PictureCell.swift in Sources */,
				EDC3F1C624927541006CA194 /* VideoViewController.swift in Sources */,
				ED135184249293D60097A3E3 /* FlowLayout.swift in Sources */,
				ED13518D249296C00097A3E3 /* SettingsViewController.swift in Sources */,
				EDC3F1CD249275F7006CA194 /* TabBarController.swift in Sources */,
				ED1351962492B64A0097A3E3 /* ImageModel.swift in Sources */,
				EDC3F11C24910848006CA194 /* SceneDelegate.swift in Sources */,
			);
			runOnlyForDeploymentPostprocessing = 0;
		};
/* End PBXSourcesBuildPhase section */

/* Begin PBXVariantGroup section */
		EDC3F11F24910848006CA194 /* Main.storyboard */ = {
			isa = PBXVariantGroup;
			children = (
				EDC3F12024910848006CA194 /* Base */,
			);
			name = Main.storyboard;
			sourceTree = "<group>";
		};
		EDC3F1242491084C006CA194 /* LaunchScreen.storyboard */ = {
			isa = PBXVariantGroup;
			children = (
				EDC3F1252491084C006CA194 /* Base */,
			);
			name = LaunchScreen.storyboard;
			sourceTree = "<group>";
		};
/* End PBXVariantGroup section */

/* Begin XCBuildConfiguration section */
		EDC3F1282491084C006CA194 /* Debug */ = {
			isa = XCBuildConfiguration;
			buildSettings = {
				ALWAYS_SEARCH_USER_PATHS = NO;
				CLANG_ANALYZER_NONNULL = YES;
				CLANG_ANALYZER_NUMBER_OBJECT_CONVERSION = YES_AGGRESSIVE;
				CLANG_CXX_LANGUAGE_STANDARD = "gnu++14";
				CLANG_CXX_LIBRARY = "libc++";
				CLANG_ENABLE_MODULES = YES;
				CLANG_ENABLE_OBJC_ARC = YES;
				CLANG_ENABLE_OBJC_WEAK = YES;
				CLANG_WARN_BLOCK_CAPTURE_AUTORELEASING = YES;
				CLANG_WARN_BOOL_CONVERSION = YES;
				CLANG_WARN_COMMA = YES;
				CLANG_WARN_CONSTANT_CONVERSION = YES;
				CLANG_WARN_DEPRECATED_OBJC_IMPLEMENTATIONS = YES;
				CLANG_WARN_DIRECT_OBJC_ISA_USAGE = YES_ERROR;
				CLANG_WARN_DOCUMENTATION_COMMENTS = YES;
				CLANG_WARN_EMPTY_BODY = YES;
				CLANG_WARN_ENUM_CONVERSION = YES;
				CLANG_WARN_INFINITE_RECURSION = YES;
				CLANG_WARN_INT_CONVERSION = YES;
				CLANG_WARN_NON_LITERAL_NULL_CONVERSION = YES;
				CLANG_WARN_OBJC_IMPLICIT_RETAIN_SELF = YES;
				CLANG_WARN_OBJC_LITERAL_CONVERSION = YES;
				CLANG_WARN_OBJC_ROOT_CLASS = YES_ERROR;
				CLANG_WARN_RANGE_LOOP_ANALYSIS = YES;
				CLANG_WARN_STRICT_PROTOTYPES = YES;
				CLANG_WARN_SUSPICIOUS_MOVE = YES;
				CLANG_WARN_UNGUARDED_AVAILABILITY = YES_AGGRESSIVE;
				CLANG_WARN_UNREACHABLE_CODE = YES;
				CLANG_WARN__DUPLICATE_METHOD_MATCH = YES;
				COPY_PHASE_STRIP = NO;
				DEBUG_INFORMATION_FORMAT = dwarf;
				ENABLE_STRICT_OBJC_MSGSEND = YES;
				ENABLE_TESTABILITY = YES;
				GCC_C_LANGUAGE_STANDARD = gnu11;
				GCC_DYNAMIC_NO_PIC = NO;
				GCC_NO_COMMON_BLOCKS = YES;
				GCC_OPTIMIZATION_LEVEL = 0;
				GCC_PREPROCESSOR_DEFINITIONS = (
					"DEBUG=1",
					"$(inherited)",
				);
				GCC_WARN_64_TO_32_BIT_CONVERSION = YES;
				GCC_WARN_ABOUT_RETURN_TYPE = YES_ERROR;
				GCC_WARN_UNDECLARED_SELECTOR = YES;
				GCC_WARN_UNINITIALIZED_AUTOS = YES_AGGRESSIVE;
				GCC_WARN_UNUSED_FUNCTION = YES;
				GCC_WARN_UNUSED_VARIABLE = YES;
				IPHONEOS_DEPLOYMENT_TARGET = 13.2;
				MTL_ENABLE_DEBUG_INFO = INCLUDE_SOURCE;
				MTL_FAST_MATH = YES;
				ONLY_ACTIVE_ARCH = YES;
				SDKROOT = iphoneos;
				SWIFT_ACTIVE_COMPILATION_CONDITIONS = DEBUG;
				SWIFT_OPTIMIZATION_LEVEL = "-Onone";
			};
			name = Debug;
		};
		EDC3F1292491084C006CA194 /* Release */ = {
			isa = XCBuildConfiguration;
			buildSettings = {
				ALWAYS_SEARCH_USER_PATHS = NO;
				CLANG_ANALYZER_NONNULL = YES;
				CLANG_ANALYZER_NUMBER_OBJECT_CONVERSION = YES_AGGRESSIVE;
				CLANG_CXX_LANGUAGE_STANDARD = "gnu++14";
				CLANG_CXX_LIBRARY = "libc++";
				CLANG_ENABLE_MODULES = YES;
				CLANG_ENABLE_OBJC_ARC = YES;
				CLANG_ENABLE_OBJC_WEAK = YES;
				CLANG_WARN_BLOCK_CAPTURE_AUTORELEASING = YES;
				CLANG_WARN_BOOL_CONVERSION = YES;
				CLANG_WARN_COMMA = YES;
				CLANG_WARN_CONSTANT_CONVERSION = YES;
				CLANG_WARN_DEPRECATED_OBJC_IMPLEMENTATIONS = YES;
				CLANG_WARN_DIRECT_OBJC_ISA_USAGE = YES_ERROR;
				CLANG_WARN_DOCUMENTATION_COMMENTS = YES;
				CLANG_WARN_EMPTY_BODY = YES;
				CLANG_WARN_ENUM_CONVERSION = YES;
				CLANG_WARN_INFINITE_RECURSION = YES;
				CLANG_WARN_INT_CONVERSION = YES;
				CLANG_WARN_NON_LITERAL_NULL_CONVERSION = YES;
				CLANG_WARN_OBJC_IMPLICIT_RETAIN_SELF = YES;
				CLANG_WARN_OBJC_LITERAL_CONVERSION = YES;
				CLANG_WARN_OBJC_ROOT_CLASS = YES_ERROR;
				CLANG_WARN_RANGE_LOOP_ANALYSIS = YES;
				CLANG_WARN_STRICT_PROTOTYPES = YES;
				CLANG_WARN_SUSPICIOUS_MOVE = YES;
				CLANG_WARN_UNGUARDED_AVAILABILITY = YES_AGGRESSIVE;
				CLANG_WARN_UNREACHABLE_CODE = YES;
				CLANG_WARN__DUPLICATE_METHOD_MATCH = YES;
				COPY_PHASE_STRIP = NO;
				DEBUG_INFORMATION_FORMAT = "dwarf-with-dsym";
				ENABLE_NS_ASSERTIONS = NO;
				ENABLE_STRICT_OBJC_MSGSEND = YES;
				GCC_C_LANGUAGE_STANDARD = gnu11;
				GCC_NO_COMMON_BLOCKS = YES;
				GCC_WARN_64_TO_32_BIT_CONVERSION = YES;
				GCC_WARN_ABOUT_RETURN_TYPE = YES_ERROR;
				GCC_WARN_UNDECLARED_SELECTOR = YES;
				GCC_WARN_UNINITIALIZED_AUTOS = YES_AGGRESSIVE;
				GCC_WARN_UNUSED_FUNCTION = YES;
				GCC_WARN_UNUSED_VARIABLE = YES;
				IPHONEOS_DEPLOYMENT_TARGET = 13.2;
				MTL_ENABLE_DEBUG_INFO = NO;
				MTL_FAST_MATH = YES;
				SDKROOT = iphoneos;
				SWIFT_COMPILATION_MODE = wholemodule;
				SWIFT_OPTIMIZATION_LEVEL = "-O";
				VALIDATE_PRODUCT = YES;
			};
			name = Release;
		};
		EDC3F12B2491084C006CA194 /* Debug */ = {
			isa = XCBuildConfiguration;
			buildSettings = {
				ASSETCATALOG_COMPILER_APPICON_NAME = AppIcon;
				CODE_SIGN_STYLE = Automatic;
				DEVELOPMENT_TEAM = 7QZT79MHG2;
				INFOPLIST_FILE = "Quick search/Info.plist";
				LD_RUNPATH_SEARCH_PATHS = (
					"$(inherited)",
					"@executable_path/Frameworks",
				);
				PRODUCT_BUNDLE_IDENTIFIER = "Kornev.com.Quick-search";
				PRODUCT_NAME = "$(TARGET_NAME)";
				SWIFT_VERSION = 5.0;
				TARGETED_DEVICE_FAMILY = "1,2";
			};
			name = Debug;
		};
		EDC3F12C2491084C006CA194 /* Release */ = {
			isa = XCBuildConfiguration;
			buildSettings = {
				ASSETCATALOG_COMPILER_APPICON_NAME = AppIcon;
				CODE_SIGN_STYLE = Automatic;
				DEVELOPMENT_TEAM = 7QZT79MHG2;
				INFOPLIST_FILE = "Quick search/Info.plist";
				LD_RUNPATH_SEARCH_PATHS = (
					"$(inherited)",
					"@executable_path/Frameworks",
				);
				PRODUCT_BUNDLE_IDENTIFIER = "Kornev.com.Quick-search";
				PRODUCT_NAME = "$(TARGET_NAME)";
				SWIFT_VERSION = 5.0;
				TARGETED_DEVICE_FAMILY = "1,2";
			};
			name = Release;
		};
/* End XCBuildConfiguration section */

/* Begin XCConfigurationList section */
		EDC3F11124910848006CA194 /* Build configuration list for PBXProject "Quick search" */ = {
			isa = XCConfigurationList;
			buildConfigurations = (
				EDC3F1282491084C006CA194 /* Debug */,
				EDC3F1292491084C006CA194 /* Release */,
			);
			defaultConfigurationIsVisible = 0;
			defaultConfigurationName = Release;
		};
		EDC3F12A2491084C006CA194 /* Build configuration list for PBXNativeTarget "Quick search" */ = {
			isa = XCConfigurationList;
			buildConfigurations = (
				EDC3F12B2491084C006CA194 /* Debug */,
				EDC3F12C2491084C006CA194 /* Release */,
			);
			defaultConfigurationIsVisible = 0;
			defaultConfigurationName = Release;
		};
/* End XCConfigurationList section */
	};
	rootObject = EDC3F10E24910848006CA194 /* Project object */;
}
